// !$*UTF8*$!
{
	archiveVersion = 1;
	classes = {
	};
	objectVersion = 56;
	objects = {

/* Begin PBXBuildFile section */
		4FE0424B2A783BA800D56434 /* PostsAppApp.swift in Sources */ = {isa = PBXBuildFile; fileRef = 4FE0424A2A783BA800D56434 /* PostsAppApp.swift */; };
		4FE0424D2A783BA800D56434 /* ContentView.swift in Sources */ = {isa = PBXBuildFile; fileRef = 4FE0424C2A783BA800D56434 /* ContentView.swift */; };
		4FE0424F2A783BAC00D56434 /* Assets.xcassets in Resources */ = {isa = PBXBuildFile; fileRef = 4FE0424E2A783BAC00D56434 /* Assets.xcassets */; };
		4FE042522A783BAC00D56434 /* Preview Assets.xcassets in Resources */ = {isa = PBXBuildFile; fileRef = 4FE042512A783BAC00D56434 /* Preview Assets.xcassets */; };
		4FE0425C2A783BAC00D56434 /* PostsAppTests.swift in Sources */ = {isa = PBXBuildFile; fileRef = 4FE0425B2A783BAC00D56434 /* PostsAppTests.swift */; };
		4FE042662A783BAC00D56434 /* PostsAppUITests.swift in Sources */ = {isa = PBXBuildFile; fileRef = 4FE042652A783BAC00D56434 /* PostsAppUITests.swift */; };
		4FE042682A783BAC00D56434 /* PostsAppUITestsLaunchTests.swift in Sources */ = {isa = PBXBuildFile; fileRef = 4FE042672A783BAC00D56434 /* PostsAppUITestsLaunchTests.swift */; };
/* End PBXBuildFile section */

/* Begin PBXContainerItemProxy section */
		4FE042582A783BAC00D56434 /* PBXContainerItemProxy */ = {
			isa = PBXContainerItemProxy;
			containerPortal = 4FE0423F2A783BA800D56434 /* Project object */;
			proxyType = 1;
			remoteGlobalIDString = 4FE042462A783BA800D56434;
			remoteInfo = PostsApp;
		};
		4FE042622A783BAC00D56434 /* PBXContainerItemProxy */ = {
			isa = PBXContainerItemProxy;
			containerPortal = 4FE0423F2A783BA800D56434 /* Project object */;
			proxyType = 1;
			remoteGlobalIDString = 4FE042462A783BA800D56434;
			remoteInfo = PostsApp;
		};
/* End PBXContainerItemProxy section */

/* Begin PBXFileReference section */
		4FE042472A783BA800D56434 /* PostsApp.app */ = {isa = PBXFileReference; explicitFileType = wrapper.application; includeInIndex = 0; path = PostsApp.app; sourceTree = BUILT_PRODUCTS_DIR; };
		4FE0424A2A783BA800D56434 /* PostsAppApp.swift */ = {isa = PBXFileReference; lastKnownFileType = sourcecode.swift; path = PostsAppApp.swift; sourceTree = "<group>"; };
		4FE0424C2A783BA800D56434 /* ContentView.swift */ = {isa = PBXFileReference; lastKnownFileType = sourcecode.swift; path = ContentView.swift; sourceTree = "<group>"; };
		4FE0424E2A783BAC00D56434 /* Assets.xcassets */ = {isa = PBXFileReference; lastKnownFileType = folder.assetcatalog; path = Assets.xcassets; sourceTree = "<group>"; };
		4FE042512A783BAC00D56434 /* Preview Assets.xcassets */ = {isa = PBXFileReference; lastKnownFileType = folder.assetcatalog; path = "Preview Assets.xcassets"; sourceTree = "<group>"; };
		4FE042572A783BAC00D56434 /* PostsAppTests.xctest */ = {isa = PBXFileReference; explicitFileType = wrapper.cfbundle; includeInIndex = 0; path = PostsAppTests.xctest; sourceTree = BUILT_PRODUCTS_DIR; };
		4FE0425B2A783BAC00D56434 /* PostsAppTests.swift */ = {isa = PBXFileReference; lastKnownFileType = sourcecode.swift; path = PostsAppTests.swift; sourceTree = "<group>"; };
		4FE042612A783BAC00D56434 /* PostsAppUITests.xctest */ = {isa = PBXFileReference; explicitFileType = wrapper.cfbundle; includeInIndex = 0; path = PostsAppUITests.xctest; sourceTree = BUILT_PRODUCTS_DIR; };
		4FE042652A783BAC00D56434 /* PostsAppUITests.swift */ = {isa = PBXFileReference; lastKnownFileType = sourcecode.swift; path = PostsAppUITests.swift; sourceTree = "<group>"; };
		4FE042672A783BAC00D56434 /* PostsAppUITestsLaunchTests.swift */ = {isa = PBXFileReference; lastKnownFileType = sourcecode.swift; path = PostsAppUITestsLaunchTests.swift; sourceTree = "<group>"; };
/* End PBXFileReference section */

/* Begin PBXFrameworksBuildPhase section */
		4FE042442A783BA800D56434 /* Frameworks */ = {
			isa = PBXFrameworksBuildPhase;
			buildActionMask = 2147483647;
			files = (
			);
			runOnlyForDeploymentPostprocessing = 0;
		};
		4FE042542A783BAC00D56434 /* Frameworks */ = {
			isa = PBXFrameworksBuildPhase;
			buildActionMask = 2147483647;
			files = (
			);
			runOnlyForDeploymentPostprocessing = 0;
		};
		4FE0425E2A783BAC00D56434 /* Frameworks */ = {
			isa = PBXFrameworksBuildPhase;
			buildActionMask = 2147483647;
			files = (
			);
			runOnlyForDeploymentPostprocessing = 0;
		};
/* End PBXFrameworksBuildPhase section */

/* Begin PBXGroup section */
		4FE0423E2A783BA800D56434 = {
			isa = PBXGroup;
			children = (
				4FE042492A783BA800D56434 /* PostsApp */,
				4FE0425A2A783BAC00D56434 /* PostsAppTests */,
				4FE042642A783BAC00D56434 /* PostsAppUITests */,
				4FE042482A783BA800D56434 /* Products */,
			);
			sourceTree = "<group>";
		};
		4FE042482A783BA800D56434 /* Products */ = {
			isa = PBXGroup;
			children = (
				4FE042472A783BA800D56434 /* PostsApp.app */,
				4FE042572A783BAC00D56434 /* PostsAppTests.xctest */,
				4FE042612A783BAC00D56434 /* PostsAppUITests.xctest */,
			);
			name = Products;
			sourceTree = "<group>";
		};
		4FE042492A783BA800D56434 /* PostsApp */ = {
			isa = PBXGroup;
			children = (
				4FE0424A2A783BA800D56434 /* PostsAppApp.swift */,
				4FE0424C2A783BA800D56434 /* ContentView.swift */,
				4FE0424E2A783BAC00D56434 /* Assets.xcassets */,
				4FE042502A783BAC00D56434 /* Preview Content */,
			);
			path = PostsApp;
			sourceTree = "<group>";
		};
		4FE042502A783BAC00D56434 /* Preview Content */ = {
			isa = PBXGroup;
			children = (
				4FE042512A783BAC00D56434 /* Preview Assets.xcassets */,
			);
			path = "Preview Content";
			sourceTree = "<group>";
		};
		4FE0425A2A783BAC00D56434 /* PostsAppTests */ = {
			isa = PBXGroup;
			children = (
				4FE0425B2A783BAC00D56434 /* PostsAppTests.swift */,
			);
			path = PostsAppTests;
			sourceTree = "<group>";
		};
		4FE042642A783BAC00D56434 /* PostsAppUITests */ = {
			isa = PBXGroup;
			children = (
				4FE042652A783BAC00D56434 /* PostsAppUITests.swift */,
				4FE042672A783BAC00D56434 /* PostsAppUITestsLaunchTests.swift */,
			);
			path = PostsAppUITests;
			sourceTree = "<group>";
		};
/* End PBXGroup section */

/* Begin PBXNativeTarget section */
		4FE042462A783BA800D56434 /* PostsApp */ = {
			isa = PBXNativeTarget;
			buildConfigurationList = 4FE0426B2A783BAC00D56434 /* Build configuration list for PBXNativeTarget "PostsApp" */;
			buildPhases = (
				4FE042432A783BA800D56434 /* Sources */,
				4FE042442A783BA800D56434 /* Frameworks */,
				4FE042452A783BA800D56434 /* Resources */,
			);
			buildRules = (
			);
			dependencies = (
			);
			name = PostsApp;
			productName = PostsApp;
			productReference = 4FE042472A783BA800D56434 /* PostsApp.app */;
			productType = "com.apple.product-type.application";
		};
		4FE042562A783BAC00D56434 /* PostsAppTests */ = {
			isa = PBXNativeTarget;
			buildConfigurationList = 4FE0426E2A783BAC00D56434 /* Build configuration list for PBXNativeTarget "PostsAppTests" */;
			buildPhases = (
				4FE042532A783BAC00D56434 /* Sources */,
				4FE042542A783BAC00D56434 /* Frameworks */,
				4FE042552A783BAC00D56434 /* Resources */,
			);
			buildRules = (
			);
			dependencies = (
				4FE042592A783BAC00D56434 /* PBXTargetDependency */,
			);
			name = PostsAppTests;
			productName = PostsAppTests;
			productReference = 4FE042572A783BAC00D56434 /* PostsAppTests.xctest */;
			productType = "com.apple.product-type.bundle.unit-test";
		};
		4FE042602A783BAC00D56434 /* PostsAppUITests */ = {
			isa = PBXNativeTarget;
			buildConfigurationList = 4FE042712A783BAC00D56434 /* Build configuration list for PBXNativeTarget "PostsAppUITests" */;
			buildPhases = (
				4FE0425D2A783BAC00D56434 /* Sources */,
				4FE0425E2A783BAC00D56434 /* Frameworks */,
				4FE0425F2A783BAC00D56434 /* Resources */,
			);
			buildRules = (
			);
			dependencies = (
				4FE042632A783BAC00D56434 /* PBXTargetDependency */,
			);
			name = PostsAppUITests;
			productName = PostsAppUITests;
			productReference = 4FE042612A783BAC00D56434 /* PostsAppUITests.xctest */;
			productType = "com.apple.product-type.bundle.ui-testing";
		};
/* End PBXNativeTarget section */

/* Begin PBXProject section */
		4FE0423F2A783BA800D56434 /* Project object */ = {
			isa = PBXProject;
			attributes = {
				BuildIndependentTargetsInParallel = 1;
				LastSwiftUpdateCheck = 1430;
				LastUpgradeCheck = 1430;
				TargetAttributes = {
					4FE042462A783BA800D56434 = {
						CreatedOnToolsVersion = 14.3;
					};
					4FE042562A783BAC00D56434 = {
						CreatedOnToolsVersion = 14.3;
						TestTargetID = 4FE042462A783BA800D56434;
					};
					4FE042602A783BAC00D56434 = {
						CreatedOnToolsVersion = 14.3;
						TestTargetID = 4FE042462A783BA800D56434;
					};
				};
			};
			buildConfigurationList = 4FE042422A783BA800D56434 /* Build configuration list for PBXProject "PostsApp" */;
			compatibilityVersion = "Xcode 14.0";
			developmentRegion = en;
			hasScannedForEncodings = 0;
			knownRegions = (
				en,
				Base,
			);
			mainGroup = 4FE0423E2A783BA800D56434;
			productRefGroup = 4FE042482A783BA800D56434 /* Products */;
			projectDirPath = "";
			projectRoot = "";
			targets = (
				4FE042462A783BA800D56434 /* PostsApp */,
				4FE042562A783BAC00D56434 /* PostsAppTests */,
				4FE042602A783BAC00D56434 /* PostsAppUITests */,
			);
		};
/* End PBXProject section */

/* Begin PBXResourcesBuildPhase section */
		4FE042452A783BA800D56434 /* Resources */ = {
			isa = PBXResourcesBuildPhase;
			buildActionMask = 2147483647;
			files = (
				4FE042522A783BAC00D56434 /* Preview Assets.xcassets in Resources */,
				4FE0424F2A783BAC00D56434 /* Assets.xcassets in Resources */,
			);
			runOnlyForDeploymentPostprocessing = 0;
		};
		4FE042552A783BAC00D56434 /* Resources */ = {
			isa = PBXResourcesBuildPhase;
			buildActionMask = 2147483647;
			files = (
			);
			runOnlyForDeploymentPostprocessing = 0;
		};
		4FE0425F2A783BAC00D56434 /* Resources */ = {
			isa = PBXResourcesBuildPhase;
			buildActionMask = 2147483647;
			files = (
			);
			runOnlyForDeploymentPostprocessing = 0;
		};
/* End PBXResourcesBuildPhase section */

/* Begin PBXSourcesBuildPhase section */
		4FE042432A783BA800D56434 /* Sources */ = {
			isa = PBXSourcesBuildPhase;
			buildActionMask = 2147483647;
			files = (
				4FE0424D2A783BA800D56434 /* ContentView.swift in Sources */,
				4FE0424B2A783BA800D56434 /* PostsAppApp.swift in Sources */,
			);
			runOnlyForDeploymentPostprocessing = 0;
		};
		4FE042532A783BAC00D56434 /* Sources */ = {
			isa = PBXSourcesBuildPhase;
			buildActionMask = 2147483647;
			files = (
				4FE0425C2A783BAC00D56434 /* PostsAppTests.swift in Sources */,
			);
			runOnlyForDeploymentPostprocessing = 0;
		};
		4FE0425D2A783BAC00D56434 /* Sources */ = {
			isa = PBXSourcesBuildPhase;
			buildActionMask = 2147483647;
			files = (
				4FE042682A783BAC00D56434 /* PostsAppUITestsLaunchTests.swift in Sources */,
				4FE042662A783BAC00D56434 /* PostsAppUITests.swift in Sources */,
			);
			runOnlyForDeploymentPostprocessing = 0;
		};
/* End PBXSourcesBuildPhase section */

/* Begin PBXTargetDependency section */
		4FE042592A783BAC00D56434 /* PBXTargetDependency */ = {
			isa = PBXTargetDependency;
			target = 4FE042462A783BA800D56434 /* PostsApp */;
			targetProxy = 4FE042582A783BAC00D56434 /* PBXContainerItemProxy */;
		};
		4FE042632A783BAC00D56434 /* PBXTargetDependency */ = {
			isa = PBXTargetDependency;
			target = 4FE042462A783BA800D56434 /* PostsApp */;
			targetProxy = 4FE042622A783BAC00D56434 /* PBXContainerItemProxy */;
		};
/* End PBXTargetDependency section */

/* Begin XCBuildConfiguration section */
		4FE042692A783BAC00D56434 /* Debug */ = {
			isa = XCBuildConfiguration;
			buildSettings = {
				ALWAYS_SEARCH_USER_PATHS = NO;
				CLANG_ANALYZER_NONNULL = YES;
				CLANG_ANALYZER_NUMBER_OBJECT_CONVERSION = YES_AGGRESSIVE;
				CLANG_CXX_LANGUAGE_STANDARD = "gnu++20";
				CLANG_ENABLE_MODULES = YES;
				CLANG_ENABLE_OBJC_ARC = YES;
				CLANG_ENABLE_OBJC_WEAK = YES;
				CLANG_WARN_BLOCK_CAPTURE_AUTORELEASING = YES;
				CLANG_WARN_BOOL_CONVERSION = YES;
				CLANG_WARN_COMMA = YES;
				CLANG_WARN_CONSTANT_CONVERSION = YES;
				CLANG_WARN_DEPRECATED_OBJC_IMPLEMENTATIONS = YES;
				CLANG_WARN_DIRECT_OBJC_ISA_USAGE = YES_ERROR;
				CLANG_WARN_DOCUMENTATION_COMMENTS = YES;
				CLANG_WARN_EMPTY_BODY = YES;
				CLANG_WARN_ENUM_CONVERSION = YES;
				CLANG_WARN_INFINITE_RECURSION = YES;
				CLANG_WARN_INT_CONVERSION = YES;
				CLANG_WARN_NON_LITERAL_NULL_CONVERSION = YES;
				CLANG_WARN_OBJC_IMPLICIT_RETAIN_SELF = YES;
				CLANG_WARN_OBJC_LITERAL_CONVERSION = YES;
				CLANG_WARN_OBJC_ROOT_CLASS = YES_ERROR;
				CLANG_WARN_QUOTED_INCLUDE_IN_FRAMEWORK_HEADER = YES;
				CLANG_WARN_RANGE_LOOP_ANALYSIS = YES;
				CLANG_WARN_STRICT_PROTOTYPES = YES;
				CLANG_WARN_SUSPICIOUS_MOVE = YES;
				CLANG_WARN_UNGUARDED_AVAILABILITY = YES_AGGRESSIVE;
				CLANG_WARN_UNREACHABLE_CODE = YES;
				CLANG_WARN__DUPLICATE_METHOD_MATCH = YES;
				COPY_PHASE_STRIP = NO;
				DEBUG_INFORMATION_FORMAT = dwarf;
				ENABLE_STRICT_OBJC_MSGSEND = YES;
				ENABLE_TESTABILITY = YES;
				GCC_C_LANGUAGE_STANDARD = gnu11;
				GCC_DYNAMIC_NO_PIC = NO;
				GCC_NO_COMMON_BLOCKS = YES;
				GCC_OPTIMIZATION_LEVEL = 0;
				GCC_PREPROCESSOR_DEFINITIONS = (
					"DEBUG=1",
					"$(inherited)",
				);
				GCC_WARN_64_TO_32_BIT_CONVERSION = YES;
				GCC_WARN_ABOUT_RETURN_TYPE = YES_ERROR;
				GCC_WARN_UNDECLARED_SELECTOR = YES;
				GCC_WARN_UNINITIALIZED_AUTOS = YES_AGGRESSIVE;
				GCC_WARN_UNUSED_FUNCTION = YES;
				GCC_WARN_UNUSED_VARIABLE = YES;
				IPHONEOS_DEPLOYMENT_TARGET = 16.4;
				MTL_ENABLE_DEBUG_INFO = INCLUDE_SOURCE;
				MTL_FAST_MATH = YES;
				ONLY_ACTIVE_ARCH = YES;
				SDKROOT = iphoneos;
				SWIFT_ACTIVE_COMPILATION_CONDITIONS = DEBUG;
				SWIFT_OPTIMIZATION_LEVEL = "-Onone";
			};
			name = Debug;
		};
		4FE0426A2A783BAC00D56434 /* Release */ = {
			isa = XCBuildConfiguration;
			buildSettings = {
				ALWAYS_SEARCH_USER_PATHS = NO;
				CLANG_ANALYZER_NONNULL = YES;
				CLANG_ANALYZER_NUMBER_OBJECT_CONVERSION = YES_AGGRESSIVE;
				CLANG_CXX_LANGUAGE_STANDARD = "gnu++20";
				CLANG_ENABLE_MODULES = YES;
				CLANG_ENABLE_OBJC_ARC = YES;
				CLANG_ENABLE_OBJC_WEAK = YES;
				CLANG_WARN_BLOCK_CAPTURE_AUTORELEASING = YES;
				CLANG_WARN_BOOL_CONVERSION = YES;
				CLANG_WARN_COMMA = YES;
				CLANG_WARN_CONSTANT_CONVERSION = YES;
				CLANG_WARN_DEPRECATED_OBJC_IMPLEMENTATIONS = YES;
				CLANG_WARN_DIRECT_OBJC_ISA_USAGE = YES_ERROR;
				CLANG_WARN_DOCUMENTATION_COMMENTS = YES;
				CLANG_WARN_EMPTY_BODY = YES;
				CLANG_WARN_ENUM_CONVERSION = YES;
				CLANG_WARN_INFINITE_RECURSION = YES;
				CLANG_WARN_INT_CONVERSION = YES;
				CLANG_WARN_NON_LITERAL_NULL_CONVERSION = YES;
				CLANG_WARN_OBJC_IMPLICIT_RETAIN_SELF = YES;
				CLANG_WARN_OBJC_LITERAL_CONVERSION = YES;
				CLANG_WARN_OBJC_ROOT_CLASS = YES_ERROR;
				CLANG_WARN_QUOTED_INCLUDE_IN_FRAMEWORK_HEADER = YES;
				CLANG_WARN_RANGE_LOOP_ANALYSIS = YES;
				CLANG_WARN_STRICT_PROTOTYPES = YES;
				CLANG_WARN_SUSPICIOUS_MOVE = YES;
				CLANG_WARN_UNGUARDED_AVAILABILITY = YES_AGGRESSIVE;
				CLANG_WARN_UNREACHABLE_CODE = YES;
				CLANG_WARN__DUPLICATE_METHOD_MATCH = YES;
				COPY_PHASE_STRIP = NO;
				DEBUG_INFORMATION_FORMAT = "dwarf-with-dsym";
				ENABLE_NS_ASSERTIONS = NO;
				ENABLE_STRICT_OBJC_MSGSEND = YES;
				GCC_C_LANGUAGE_STANDARD = gnu11;
				GCC_NO_COMMON_BLOCKS = YES;
				GCC_WARN_64_TO_32_BIT_CONVERSION = YES;
				GCC_WARN_ABOUT_RETURN_TYPE = YES_ERROR;
				GCC_WARN_UNDECLARED_SELECTOR = YES;
				GCC_WARN_UNINITIALIZED_AUTOS = YES_AGGRESSIVE;
				GCC_WARN_UNUSED_FUNCTION = YES;
				GCC_WARN_UNUSED_VARIABLE = YES;
				IPHONEOS_DEPLOYMENT_TARGET = 16.4;
				MTL_ENABLE_DEBUG_INFO = NO;
				MTL_FAST_MATH = YES;
				SDKROOT = iphoneos;
				SWIFT_COMPILATION_MODE = wholemodule;
				SWIFT_OPTIMIZATION_LEVEL = "-O";
				VALIDATE_PRODUCT = YES;
			};
			name = Release;
		};
		4FE0426C2A783BAC00D56434 /* Debug */ = {
			isa = XCBuildConfiguration;
			buildSettings = {
				ASSETCATALOG_COMPILER_APPICON_NAME = AppIcon;
				ASSETCATALOG_COMPILER_GLOBAL_ACCENT_COLOR_NAME = AccentColor;
				CODE_SIGN_STYLE = Automatic;
				CURRENT_PROJECT_VERSION = 1;
				DEVELOPMENT_ASSET_PATHS = "\"PostsApp/Preview Content\"";
				ENABLE_PREVIEWS = YES;
				GENERATE_INFOPLIST_FILE = YES;
				INFOPLIST_KEY_UIApplicationSceneManifest_Generation = YES;
				INFOPLIST_KEY_UIApplicationSupportsIndirectInputEvents = YES;
				INFOPLIST_KEY_UILaunchScreen_Generation = YES;
				INFOPLIST_KEY_UISupportedInterfaceOrientations_iPad = "UIInterfaceOrientationPortrait UIInterfaceOrientationPortraitUpsideDown UIInterfaceOrientationLandscapeLeft UIInterfaceOrientationLandscapeRight";
				INFOPLIST_KEY_UISupportedInterfaceOrientations_iPhone = "UIInterfaceOrientationPortrait UIInterfaceOrientationLandscapeLeft UIInterfaceOrientationLandscapeRight";
				LD_RUNPATH_SEARCH_PATHS = (
					"$(inherited)",
					"@executable_path/Frameworks",
				);
				MARKETING_VERSION = 1.0;
				PRODUCT_BUNDLE_IDENTIFIER = com.xyz.PostsApp;
				PRODUCT_NAME = "$(TARGET_NAME)";
				SWIFT_EMIT_LOC_STRINGS = YES;
				SWIFT_VERSION = 5.0;
				TARGETED_DEVICE_FAMILY = "1,2";
			};
			name = Debug;
		};
		4FE0426D2A783BAC00D56434 /* Release */ = {
			isa = XCBuildConfiguration;
			buildSettings = {
				ASSETCATALOG_COMPILER_APPICON_NAME = AppIcon;
				ASSETCATALOG_COMPILER_GLOBAL_ACCENT_COLOR_NAME = AccentColor;
				CODE_SIGN_STYLE = Automatic;
				CURRENT_PROJECT_VERSION = 1;
				DEVELOPMENT_ASSET_PATHS = "\"PostsApp/Preview Content\"";
				ENABLE_PREVIEWS = YES;
				GENERATE_INFOPLIST_FILE = YES;
				INFOPLIST_KEY_UIApplicationSceneManifest_Generation = YES;
				INFOPLIST_KEY_UIApplicationSupportsIndirectInputEvents = YES;
				INFOPLIST_KEY_UILaunchScreen_Generation = YES;
				INFOPLIST_KEY_UISupportedInterfaceOrientations_iPad = "UIInterfaceOrientationPortrait UIInterfaceOrientationPortraitUpsideDown UIInterfaceOrientationLandscapeLeft UIInterfaceOrientationLandscapeRight";
				INFOPLIST_KEY_UISupportedInterfaceOrientations_iPhone = "UIInterfaceOrientationPortrait UIInterfaceOrientationLandscapeLeft UIInterfaceOrientationLandscapeRight";
				LD_RUNPATH_SEARCH_PATHS = (
					"$(inherited)",
					"@executable_path/Frameworks",
				);
				MARKETING_VERSION = 1.0;
				PRODUCT_BUNDLE_IDENTIFIER = com.xyz.PostsApp;
				PRODUCT_NAME = "$(TARGET_NAME)";
				SWIFT_EMIT_LOC_STRINGS = YES;
				SWIFT_VERSION = 5.0;
				TARGETED_DEVICE_FAMILY = "1,2";
			};
			name = Release;
		};
		4FE0426F2A783BAC00D56434 /* Debug */ = {
			isa = XCBuildConfiguration;
			buildSettings = {
				ALWAYS_EMBED_SWIFT_STANDARD_LIBRARIES = YES;
				BUNDLE_LOADER = "$(TEST_HOST)";
				CODE_SIGN_STYLE = Automatic;
				CURRENT_PROJECT_VERSION = 1;
				GENERATE_INFOPLIST_FILE = YES;
				IPHONEOS_DEPLOYMENT_TARGET = 16.4;
				MARKETING_VERSION = 1.0;
				PRODUCT_BUNDLE_IDENTIFIER = com.xyz.PostsAppTests;
				PRODUCT_NAME = "$(TARGET_NAME)";
				SWIFT_EMIT_LOC_STRINGS = NO;
				SWIFT_VERSION = 5.0;
				TARGETED_DEVICE_FAMILY = "1,2";
				TEST_HOST = "$(BUILT_PRODUCTS_DIR)/PostsApp.app/$(BUNDLE_EXECUTABLE_FOLDER_PATH)/PostsApp";
			};
			name = Debug;
		};
		4FE042702A783BAC00D56434 /* Release */ = {
			isa = XCBuildConfiguration;
			buildSettings = {
				ALWAYS_EMBED_SWIFT_STANDARD_LIBRARIES = YES;
				BUNDLE_LOADER = "$(TEST_HOST)";
				CODE_SIGN_STYLE = Automatic;
				CURRENT_PROJECT_VERSION = 1;
				GENERATE_INFOPLIST_FILE = YES;
				IPHONEOS_DEPLOYMENT_TARGET = 16.4;
				MARKETING_VERSION = 1.0;
				PRODUCT_BUNDLE_IDENTIFIER = com.xyz.PostsAppTests;
				PRODUCT_NAME = "$(TARGET_NAME)";
				SWIFT_EMIT_LOC_STRINGS = NO;
				SWIFT_VERSION = 5.0;
				TARGETED_DEVICE_FAMILY = "1,2";
				TEST_HOST = "$(BUILT_PRODUCTS_DIR)/PostsApp.app/$(BUNDLE_EXECUTABLE_FOLDER_PATH)/PostsApp";
			};
			name = Release;
		};
		4FE042722A783BAC00D56434 /* Debug */ = {
			isa = XCBuildConfiguration;
			buildSettings = {
				ALWAYS_EMBED_SWIFT_STANDARD_LIBRARIES = YES;
				CODE_SIGN_STYLE = Automatic;
				CURRENT_PROJECT_VERSION = 1;
				GENERATE_INFOPLIST_FILE = YES;
				MARKETING_VERSION = 1.0;
				PRODUCT_BUNDLE_IDENTIFIER = com.xyz.PostsAppUITests;
				PRODUCT_NAME = "$(TARGET_NAME)";
				SWIFT_EMIT_LOC_STRINGS = NO;
				SWIFT_VERSION = 5.0;
				TARGETED_DEVICE_FAMILY = "1,2";
				TEST_TARGET_NAME = PostsApp;
			};
			name = Debug;
		};
		4FE042732A783BAC00D56434 /* Release */ = {
			isa = XCBuildConfiguration;
			buildSettings = {
				ALWAYS_EMBED_SWIFT_STANDARD_LIBRARIES = YES;
				CODE_SIGN_STYLE = Automatic;
				CURRENT_PROJECT_VERSION = 1;
				GENERATE_INFOPLIST_FILE = YES;
				MARKETING_VERSION = 1.0;
				PRODUCT_BUNDLE_IDENTIFIER = com.xyz.PostsAppUITests;
				PRODUCT_NAME = "$(TARGET_NAME)";
				SWIFT_EMIT_LOC_STRINGS = NO;
				SWIFT_VERSION = 5.0;
				TARGETED_DEVICE_FAMILY = "1,2";
				TEST_TARGET_NAME = PostsApp;
			};
			name = Release;
		};
/* End XCBuildConfiguration section */

/* Begin XCConfigurationList section */
		4FE042422A783BA800D56434 /* Build configuration list for PBXProject "PostsApp" */ = {
			isa = XCConfigurationList;
			buildConfigurations = (
				4FE042692A783BAC00D56434 /* Debug */,
				4FE0426A2A783BAC00D56434 /* Release */,
			);
			defaultConfigurationIsVisible = 0;
			defaultConfigurationName = Release;
		};
		4FE0426B2A783BAC00D56434 /* Build configuration list for PBXNativeTarget "PostsApp" */ = {
			isa = XCConfigurationList;
			buildConfigurations = (
				4FE0426C2A783BAC00D56434 /* Debug */,
				4FE0426D2A783BAC00D56434 /* Release */,
			);
			defaultConfigurationIsVisible = 0;
			defaultConfigurationName = Release;
		};
		4FE0426E2A783BAC00D56434 /* Build configuration list for PBXNativeTarget "PostsAppTests" */ = {
			isa = XCConfigurationList;
			buildConfigurations = (
				4FE0426F2A783BAC00D56434 /* Debug */,
				4FE042702A783BAC00D56434 /* Release */,
			);
			defaultConfigurationIsVisible = 0;
			defaultConfigurationName = Release;
		};
		4FE042712A783BAC00D56434 /* Build configuration list for PBXNativeTarget "PostsAppUITests" */ = {
			isa = XCConfigurationList;
			buildConfigurations = (
				4FE042722A783BAC00D56434 /* Debug */,
				4FE042732A783BAC00D56434 /* Release */,
			);
			defaultConfigurationIsVisible = 0;
			defaultConfigurationName = Release;
		};
/* End XCConfigurationList section */
	};
	rootObject = 4FE0423F2A783BA800D56434 /* Project object */;
}
